<?xml version="1.0" encoding="utf-8"?>
<Project ToolsVersion="4.0" xmlns="http://schemas.microsoft.com/developer/msbuild/2003">
  <ItemGroup>
    <ClCompile Include="main.cpp" />
    <ClCompile Include="ImageProcessor.cpp">
      <Filter>Source Files\Algo</Filter>
    </ClCompile>
    <ClCompile Include="QSimpleLed.cpp">
      <Filter>Source Files\Utils</Filter>
    </ClCompile>
    <ClCompile Include="threadobject.cpp">
      <Filter>Source Files\Utils</Filter>
    </ClCompile>
    <ClCompile Include="UdpSocket.cpp">
      <Filter>Source Files\Utils</Filter>
    </ClCompile>
    <ClCompile Include="fzqjViMore.cpp">
      <Filter>Source Files\Form</Filter>
    </ClCompile>
    <ClCompile Include="fzqjSfMore.cpp">
      <Filter>Source Files\Form</Filter>
    </ClCompile>
    <ClCompile Include="fzqjIrMore.cpp">
      <Filter>Source Files\Form</Filter>
    </ClCompile>
    <ClCompile Include="protocol_picxk.cpp">
      <Filter>Source Files\Protocol</Filter>
    </ClCompile>
    <ClCompile Include="serialportForm.cpp">
      <Filter>Source Files\Form</Filter>
    </ClCompile>
    <ClCompile Include="myserial.cpp">
      <Filter>Source Files\Utils</Filter>
    </ClCompile>
    <ClCompile Include="protocol_fk.cpp">
      <Filter>Source Files\Protocol</Filter>
    </ClCompile>
    <ClCompile Include="ReadConfig.cpp">
      <Filter>Source Files\Utils</Filter>
    </ClCompile>
    <ClCompile Include="yindao.cpp">
      <Filter>Source Files\Utils</Filter>
    </ClCompile>
    <ClCompile Include="ConfigManager.cpp">
      <Filter>Source Files\Utils</Filter>
    </ClCompile>
    <ClCompile Include="fzqjSysInfo.cpp">
      <Filter>Source Files\Form</Filter>
    </ClCompile>
    <ClCompile Include="fzqjReport.cpp">
      <Filter>Source Files\Form</Filter>
    </ClCompile>
    <ClCompile Include="PingTest.cpp">
      <Filter>Source Files\Utils</Filter>
    </ClCompile>
    <ClCompile Include="protocol_yaogan.cpp">
      <Filter>Source Files\Protocol</Filter>
    </ClCompile>
    <ClCompile Include="SF_Stop.cpp">
      <Filter>Source Files\Protocol</Filter>
    </ClCompile>
    <ClCompile Include="h264camera.cpp">
      <Filter>Source Files\Image</Filter>
    </ClCompile>
    <ClCompile Include="fzqjMain_user.cpp">
      <Filter>Source Files\Form</Filter>
    </ClCompile>
    <ClCompile Include="fzqjGetPicSize.cpp">
      <Filter>Source Files\Form</Filter>
    </ClCompile>
    <ClCompile Include="RwriteLabel.cpp">
      <Filter>Source Files\Utils</Filter>
    </ClCompile>
    <ClCompile Include="loginfo.cpp">
      <Filter>Source Files\Utils</Filter>
    </ClCompile>
    <ClCompile Include="qimageview.cpp">
      <Filter>Source Files\Utils</Filter>
    </ClCompile>
  </ItemGroup>
  <ItemGroup>
    <ClInclude Include="ImageProcessor.h">
      <Filter>Header Files\Algo</Filter>
    </ClInclude>
    <ClInclude Include="protocol_picxk.h">
      <Filter>Header Files\Protocol</Filter>
    </ClInclude>
    <ClInclude Include="protocol_fk.h">
      <Filter>Header Files\Protocol</Filter>
    </ClInclude>
    <ClInclude Include="ReadConfig.h">
      <Filter>Header Files\Utils</Filter>
    </ClInclude>
    <ClInclude Include="cordtranslib.h">
      <Filter>Header Files\Utils</Filter>
    </ClInclude>
    <ClInclude Include="database88002.h">
      <Filter>Header Files\Utils</Filter>
    </ClInclude>
    <ClInclude Include="database88002lib_global.h">
      <Filter>Header Files\Utils</Filter>
    </ClInclude>
    <ClInclude Include="ConfigManager.h">
      <Filter>Header Files\Utils</Filter>
    </ClInclude>
    <ClInclude Include="loginfo.h">
      <Filter>Header Files\Utils</Filter>
    </ClInclude>
  </ItemGroup>
  <ItemGroup>
    <Image Include="Resources\AddCamera.ico">
      <Filter>Resource Files</Filter>
    </Image>
    <Image Include="Resources\Camera.ico">
      <Filter>Resource Files</Filter>
    </Image>
    <Image Include="Resources\file.ico">
      <Filter>Resource Files</Filter>
    </Image>
  </ItemGroup>
  <ItemGroup>
    <QtMoc Include="QSimpleLed.h">
      <Filter>Header Files\Utils</Filter>
    </QtMoc>
    <QtMoc Include="threadobject.h">
      <Filter>Header Files\Utils</Filter>
    </QtMoc>
    <QtMoc Include="UdpSocket.h">
      <Filter>Header Files\Utils</Filter>
    </QtMoc>
    <QtMoc Include="fzqjViMore.h">
      <Filter>Header Files\Form</Filter>
    </QtMoc>
    <QtMoc Include="fzqjSfMore.h">
      <Filter>Header Files\Form</Filter>
    </QtMoc>
    <QtMoc Include="fzqjIrMore.h">
      <Filter>Header Files\Form</Filter>
    </QtMoc>
    <QtMoc Include="serialportForm.h">
      <Filter>Header Files\Form</Filter>
    </QtMoc>
    <QtMoc Include="myserial.h">
      <Filter>Header Files\Utils</Filter>
    </QtMoc>
    <QtMoc Include="yindao.h">
      <Filter>Header Files\Utils</Filter>
    </QtMoc>
    <QtMoc Include="fzqjMain_user.h">
      <Filter>Header Files\Form</Filter>
    </QtMoc>
    <QtMoc Include="fzqjSysInfo.h">
      <Filter>Header Files\Form</Filter>
    </QtMoc>
    <QtMoc Include="fzqjReport.h">
      <Filter>Header Files\Form</Filter>
    </QtMoc>
    <QtMoc Include="PingTest.h">
      <Filter>Header Files\Utils</Filter>
    </QtMoc>
    <QtMoc Include="protocol_yaogan.h">
      <Filter>Header Files\Protocol</Filter>
    </QtMoc>
    <QtMoc Include="SF_Stop.h">
      <Filter>Header Files\Protocol</Filter>
    </QtMoc>
    <QtMoc Include="h264camera.h">
      <Filter>Header Files\Image</Filter>
    </QtMoc>
    <QtMoc Include="fzqjGetPicSize.h">
      <Filter>Header Files\Form</Filter>
    </QtMoc>
    <QtMoc Include="RwriteLabel.h">
      <Filter>Header Files\Utils</Filter>
    </QtMoc>
    <QtMoc Include="qimageview.h">
      <Filter>Header Files\Utils</Filter>
    </QtMoc>
  </ItemGroup>
  <ItemGroup>
    <Filter Include="Form Files">
      <UniqueIdentifier>{99349809-55BA-4b9d-BF79-8FDBB0286EB3}</UniqueIdentifier>
      <Extensions>ui</Extensions>
      <ParseFiles>true</ParseFiles>
    </Filter>
    <Filter Include="Header Files">
      <UniqueIdentifier>{93995380-89BD-4b04-88EB-625FBE52EBFB}</UniqueIdentifier>
      <Extensions>h;hh;hpp;hxx;hm;inl;inc;xsd</Extensions>
      <ParseFiles>true</ParseFiles>
    </Filter>
    <Filter Include="Resource Files">
      <UniqueIdentifier>{04ac6c88-2c23-49ce-ad1b-1e1422a6927b}</UniqueIdentifier>
    </Filter>
    <Filter Include="Source Files">
      <UniqueIdentifier>{4FC737F1-C7A5-4376-A066-2A32D752A2FF}</UniqueIdentifier>
      <Extensions>cpp;c;cc;cxx;def;odl;idl;hpj;bat;asm;asmx</Extensions>
      <ParseFiles>true</ParseFiles>
    </Filter>
    <Filter Include="Header Files\Algo">
      <UniqueIdentifier>{03bdd7bb-83ee-4d5e-9b0a-5b2659884a5e}</UniqueIdentifier>
    </Filter>
    <Filter Include="Header Files\Image">
      <UniqueIdentifier>{33c4be8b-3664-4432-8afc-acaa50680abb}</UniqueIdentifier>
    </Filter>
    <Filter Include="Header Files\Utils">
      <UniqueIdentifier>{5e0442a2-a640-46b1-aa80-216832f0719a}</UniqueIdentifier>
    </Filter>
    <Filter Include="Source Files\Algo">
      <UniqueIdentifier>{58c04d3b-33e1-46d7-a857-d4970cce9b6c}</UniqueIdentifier>
    </Filter>
    <Filter Include="Source Files\Image">
      <UniqueIdentifier>{d5aaa7cb-39b5-488d-bb22-7da5c1c75e38}</UniqueIdentifier>
    </Filter>
    <Filter Include="Source Files\Utils">
      <UniqueIdentifier>{ec47667d-aa15-41fa-b5a5-ae735ae13726}</UniqueIdentifier>
    </Filter>
    <Filter Include="Header Files\Form">
      <UniqueIdentifier>{9b63fcae-89b4-4bd9-85a3-21846c587498}</UniqueIdentifier>
    </Filter>
    <Filter Include="Header Files\Protocol">
      <UniqueIdentifier>{ef745921-a820-4e67-ad92-505461baa734}</UniqueIdentifier>
    </Filter>
    <Filter Include="Source Files\Form">
      <UniqueIdentifier>{1039df8c-c986-4891-9bfc-91cc0b17aadb}</UniqueIdentifier>
    </Filter>
    <Filter Include="Source Files\Protocol">
      <UniqueIdentifier>{577d8a54-362c-40ed-b992-b6bbf477bb38}</UniqueIdentifier>
    </Filter>
  </ItemGroup>
  <ItemGroup>
    <ResourceCompile Include="gd_xk.rc">
      <Filter>Resource Files</Filter>
    </ResourceCompile>
  </ItemGroup>
  <ItemGroup>
    <QtUic Include="fzqjSfMore.ui">
      <Filter>Form Files</Filter>
    </QtUic>
    <QtUic Include="fzqjViMore.ui">
      <Filter>Form Files</Filter>
    </QtUic>
    <QtUic Include="fzqjIrMore.ui">
      <Filter>Form Files</Filter>
    </QtUic>
    <QtUic Include="serialportForm.ui">
      <Filter>Form Files</Filter>
    </QtUic>
    <QtUic Include="fzqjSysInfo.ui">
      <Filter>Form Files</Filter>
    </QtUic>
    <QtUic Include="fzqjReport.ui">
      <Filter>Form Files</Filter>
    </QtUic>
    <QtUic Include="fzqjMain_user.ui">
      <Filter>Form Files</Filter>
    </QtUic>
    <QtUic Include="fzqjGetPicSize.ui">
      <Filter>Form Files</Filter>
    </QtUic>
  </ItemGroup>
  <ItemGroup>
    <QtRcc Include="gd_xk.qrc">
      <Filter>Resource Files</Filter>
    </QtRcc>
  </ItemGroup>
</Project>